
Microsoft Visual Studio Solution File, Format Version 12.00
# Visual Studio Version 16
VisualStudioVersion = 16.0.29609.76
MinimumVisualStudioVersion = 10.0.40219.1
Project("{FAE04EC0-301F-11D3-BF4B-00C04F79EFBC}") = "XML_APP", "XML_APP\XML_APP.csproj", "{7C8D468E-0065-466F-9E16-8EDD9A4BEF1F}"
EndProject
Global
	GlobalSection(SolutionConfigurationPlatforms) = preSolution
		Debug|Any CPU = Debug|Any CPU
		Release|Any CPU = Release|Any CPU
	EndGlobalSection
	GlobalSection(ProjectConfigurationPlatforms) = postSolution
		{7C8D468E-0065-466F-9E16-8EDD9A4BEF1F}.Debug|Any CPU.ActiveCfg = Debug|Any CPU
		{7C8D468E-0065-466F-9E16-8EDD9A4BEF1F}.Debug|Any CPU.Build.0 = Debug|Any CPU
		{7C8D468E-0065-466F-9E16-8EDD9A4BEF1F}.Release|Any CPU.ActiveCfg = Release|Any CPU
		{7C8D468E-0065-466F-9E16-8EDD9A4BEF1F}.Release|Any CPU.Build.0 = Release|Any CPU
	EndGlobalSection
	GlobalSection(SolutionProperties) = preSolution
		HideSolutionNode = FALSE
	EndGlobalSection
	GlobalSection(ExtensibilityGlobals) = postSolution
		SolutionGuid = {BBA649F0-414C-4012-8974-9AE5C9CDD671}
	EndGlobalSection
EndGlobal
